
Microsoft Visual Studio Solution File, Format Version 11.00
# Visual Studio 2010
Project("{FAE04EC0-301F-11D3-BF4B-00C04F79EFBC}") = "Trudoyomkost", "Trudoyomkost\Trudoyomkost.csproj", "{8F8D3C53-FF40-4E14-90A9-B0C929FFC174}"
EndProject
Global
	GlobalSection(SolutionConfigurationPlatforms) = preSolution
		Debug|x86 = Debug|x86
		Release|x86 = Release|x86
	EndGlobalSection
	GlobalSection(ProjectConfigurationPlatforms) = postSolution
		{8F8D3C53-FF40-4E14-90A9-B0C929FFC174}.Debug|x86.ActiveCfg = Debug|x86
		{8F8D3C53-FF40-4E14-90A9-B0C929FFC174}.Debug|x86.Build.0 = Debug|x86
		{8F8D3C53-FF40-4E14-90A9-B0C929FFC174}.Release|x86.ActiveCfg = Release|x86
		{8F8D3C53-FF40-4E14-90A9-B0C929FFC174}.Release|x86.Build.0 = Release|x86
	EndGlobalSection
	GlobalSection(SolutionProperties) = preSolution
		HideSolutionNode = FALSE
	EndGlobalSection
EndGlobal
